// !$*UTF8*$!
{
	archiveVersion = 1;
	classes = {
	};
	objectVersion = 77;
	objects = {

/* Begin PBXBuildFile section */
		164144A22D71982E0028D7C4 /* Alamofire in Frameworks */ = {isa = PBXBuildFile; productRef = 164144A12D71982E0028D7C4 /* Alamofire */; };
		1641451B2D72CB4E0028D7C4 /* SnapKit in Frameworks */ = {isa = PBXBuildFile; productRef = 1641451A2D72CB4E0028D7C4 /* SnapKit */; };
		1641451E2D72CB740028D7C4 /* Kingfisher in Frameworks */ = {isa = PBXBuildFile; productRef = 1641451D2D72CB740028D7C4 /* Kingfisher */; };
		164145212D72CB990028D7C4 /* Lottie in Frameworks */ = {isa = PBXBuildFile; productRef = 164145202D72CB990028D7C4 /* Lottie */; };
		164145332D72F10A0028D7C4 /* IQKeyboardManagerSwift in Frameworks */ = {isa = PBXBuildFile; productRef = 164145322D72F10A0028D7C4 /* IQKeyboardManagerSwift */; };
/* End PBXBuildFile section */

/* Begin PBXContainerItemProxy section */
		164144832D7197FC0028D7C4 /* PBXContainerItemProxy */ = {
			isa = PBXContainerItemProxy;
			containerPortal = 164144642D7197F90028D7C4 /* Project object */;
			proxyType = 1;
			remoteGlobalIDString = 1641446B2D7197F90028D7C4;
			remoteInfo = "Clean Architecture";
		};
		1641448D2D7197FC0028D7C4 /* PBXContainerItemProxy */ = {
			isa = PBXContainerItemProxy;
			containerPortal = 164144642D7197F90028D7C4 /* Project object */;
			proxyType = 1;
			remoteGlobalIDString = 1641446B2D7197F90028D7C4;
			remoteInfo = "Clean Architecture";
		};
/* End PBXContainerItemProxy section */

/* Begin PBXCopyFilesBuildPhase section */
		164144AB2D71A9220028D7C4 /* Embed Frameworks */ = {
			isa = PBXCopyFilesBuildPhase;
			buildActionMask = 2147483647;
			dstPath = "";
			dstSubfolderSpec = 10;
			files = (
			);
			name = "Embed Frameworks";
			runOnlyForDeploymentPostprocessing = 0;
		};
/* End PBXCopyFilesBuildPhase section */

/* Begin PBXFileReference section */
		1641446C2D7197F90028D7C4 /* Clean Architecture.app */ = {isa = PBXFileReference; explicitFileType = wrapper.application; includeInIndex = 0; path = "Clean Architecture.app"; sourceTree = BUILT_PRODUCTS_DIR; };
		164144822D7197FC0028D7C4 /* Clean ArchitectureTests.xctest */ = {isa = PBXFileReference; explicitFileType = wrapper.cfbundle; includeInIndex = 0; path = "Clean ArchitectureTests.xctest"; sourceTree = BUILT_PRODUCTS_DIR; };
		1641448C2D7197FC0028D7C4 /* Clean ArchitectureUITests.xctest */ = {isa = PBXFileReference; explicitFileType = wrapper.cfbundle; includeInIndex = 0; path = "Clean ArchitectureUITests.xctest"; sourceTree = BUILT_PRODUCTS_DIR; };
/* End PBXFileReference section */

/* Begin PBXFileSystemSynchronizedBuildFileExceptionSet section */
		164144942D7197FC0028D7C4 /* Exceptions for "Clean Architecture" folder in "Clean Architecture" target */ = {
			isa = PBXFileSystemSynchronizedBuildFileExceptionSet;
			membershipExceptions = (
				Core/Utils/Info.plist,
			);
			target = 1641446B2D7197F90028D7C4 /* Clean Architecture */;
		};
/* End PBXFileSystemSynchronizedBuildFileExceptionSet section */

/* Begin PBXFileSystemSynchronizedRootGroup section */
		1641446E2D7197F90028D7C4 /* Clean Architecture */ = {
			isa = PBXFileSystemSynchronizedRootGroup;
			exceptions = (
				164144942D7197FC0028D7C4 /* Exceptions for "Clean Architecture" folder in "Clean Architecture" target */,
			);
			path = "Clean Architecture";
			sourceTree = "<group>";
		};
		164144852D7197FC0028D7C4 /* Tests */ = {
			isa = PBXFileSystemSynchronizedRootGroup;
			path = Tests;
			sourceTree = "<group>";
		};
		1641448F2D7197FC0028D7C4 /* UITests */ = {
			isa = PBXFileSystemSynchronizedRootGroup;
			path = UITests;
			sourceTree = "<group>";
		};
/* End PBXFileSystemSynchronizedRootGroup section */

/* Begin PBXFrameworksBuildPhase section */
		164144692D7197F90028D7C4 /* Frameworks */ = {
			isa = PBXFrameworksBuildPhase;
			buildActionMask = 2147483647;
			files = (
				164145332D72F10A0028D7C4 /* IQKeyboardManagerSwift in Frameworks */,
				1641451E2D72CB740028D7C4 /* Kingfisher in Frameworks */,
				164144A22D71982E0028D7C4 /* Alamofire in Frameworks */,
				1641451B2D72CB4E0028D7C4 /* SnapKit in Frameworks */,
				164145212D72CB990028D7C4 /* Lottie in Frameworks */,
			);
			runOnlyForDeploymentPostprocessing = 0;
		};
		1641447F2D7197FC0028D7C4 /* Frameworks */ = {
			isa = PBXFrameworksBuildPhase;
			buildActionMask = 2147483647;
			files = (
			);
			runOnlyForDeploymentPostprocessing = 0;
		};
		164144892D7197FC0028D7C4 /* Frameworks */ = {
			isa = PBXFrameworksBuildPhase;
			buildActionMask = 2147483647;
			files = (
			);
			runOnlyForDeploymentPostprocessing = 0;
		};
/* End PBXFrameworksBuildPhase section */

/* Begin PBXGroup section */
		164144632D7197F90028D7C4 = {
			isa = PBXGroup;
			children = (
				1641446E2D7197F90028D7C4 /* Clean Architecture */,
				164144852D7197FC0028D7C4 /* Tests */,
				1641448F2D7197FC0028D7C4 /* UITests */,
				1641446D2D7197F90028D7C4 /* Products */,
			);
			sourceTree = "<group>";
		};
		1641446D2D7197F90028D7C4 /* Products */ = {
			isa = PBXGroup;
			children = (
				1641446C2D7197F90028D7C4 /* Clean Architecture.app */,
				164144822D7197FC0028D7C4 /* Clean ArchitectureTests.xctest */,
				1641448C2D7197FC0028D7C4 /* Clean ArchitectureUITests.xctest */,
			);
			name = Products;
			sourceTree = "<group>";
		};
/* End PBXGroup section */

/* Begin PBXNativeTarget section */
		1641446B2D7197F90028D7C4 /* Clean Architecture */ = {
			isa = PBXNativeTarget;
			buildConfigurationList = 164144952D7197FC0028D7C4 /* Build configuration list for PBXNativeTarget "Clean Architecture" */;
			buildPhases = (
				164144682D7197F90028D7C4 /* Sources */,
				164144692D7197F90028D7C4 /* Frameworks */,
				1641446A2D7197F90028D7C4 /* Resources */,
				164144AB2D71A9220028D7C4 /* Embed Frameworks */,
			);
			buildRules = (
			);
			dependencies = (
				1641454C2D72FC500028D7C4 /* PBXTargetDependency */,
			);
			fileSystemSynchronizedGroups = (
				1641446E2D7197F90028D7C4 /* Clean Architecture */,
			);
			name = "Clean Architecture";
			packageProductDependencies = (
				164144A12D71982E0028D7C4 /* Alamofire */,
				1641451A2D72CB4E0028D7C4 /* SnapKit */,
				1641451D2D72CB740028D7C4 /* Kingfisher */,
				164145202D72CB990028D7C4 /* Lottie */,
				164145322D72F10A0028D7C4 /* IQKeyboardManagerSwift */,
			);
			productName = "Clean Architecture";
			productReference = 1641446C2D7197F90028D7C4 /* Clean Architecture.app */;
			productType = "com.apple.product-type.application";
		};
		164144812D7197FC0028D7C4 /* Clean ArchitectureTests */ = {
			isa = PBXNativeTarget;
			buildConfigurationList = 1641449A2D7197FC0028D7C4 /* Build configuration list for PBXNativeTarget "Clean ArchitectureTests" */;
			buildPhases = (
				1641447E2D7197FC0028D7C4 /* Sources */,
				1641447F2D7197FC0028D7C4 /* Frameworks */,
				164144802D7197FC0028D7C4 /* Resources */,
			);
			buildRules = (
			);
			dependencies = (
				164144842D7197FC0028D7C4 /* PBXTargetDependency */,
			);
			fileSystemSynchronizedGroups = (
				164144852D7197FC0028D7C4 /* Tests */,
			);
			name = "Clean ArchitectureTests";
			packageProductDependencies = (
			);
			productName = "Clean ArchitectureTests";
			productReference = 164144822D7197FC0028D7C4 /* Clean ArchitectureTests.xctest */;
			productType = "com.apple.product-type.bundle.unit-test";
		};
		1641448B2D7197FC0028D7C4 /* Clean ArchitectureUITests */ = {
			isa = PBXNativeTarget;
			buildConfigurationList = 1641449D2D7197FC0028D7C4 /* Build configuration list for PBXNativeTarget "Clean ArchitectureUITests" */;
			buildPhases = (
				164144882D7197FC0028D7C4 /* Sources */,
				164144892D7197FC0028D7C4 /* Frameworks */,
				1641448A2D7197FC0028D7C4 /* Resources */,
			);
			buildRules = (
			);
			dependencies = (
				1641448E2D7197FC0028D7C4 /* PBXTargetDependency */,
			);
			fileSystemSynchronizedGroups = (
				1641448F2D7197FC0028D7C4 /* UITests */,
			);
			name = "Clean ArchitectureUITests";
			packageProductDependencies = (
			);
			productName = "Clean ArchitectureUITests";
			productReference = 1641448C2D7197FC0028D7C4 /* Clean ArchitectureUITests.xctest */;
			productType = "com.apple.product-type.bundle.ui-testing";
		};
/* End PBXNativeTarget section */

/* Begin PBXProject section */
		164144642D7197F90028D7C4 /* Project object */ = {
			isa = PBXProject;
			attributes = {
				BuildIndependentTargetsInParallel = 1;
				LastSwiftUpdateCheck = 1620;
				LastUpgradeCheck = 1620;
				TargetAttributes = {
					1641446B2D7197F90028D7C4 = {
						CreatedOnToolsVersion = 16.2;
					};
					164144812D7197FC0028D7C4 = {
						CreatedOnToolsVersion = 16.2;
						TestTargetID = 1641446B2D7197F90028D7C4;
					};
					1641448B2D7197FC0028D7C4 = {
						CreatedOnToolsVersion = 16.2;
						TestTargetID = 1641446B2D7197F90028D7C4;
					};
				};
			};
			buildConfigurationList = 164144672D7197F90028D7C4 /* Build configuration list for PBXProject "Clean Architecture" */;
			developmentRegion = en;
			hasScannedForEncodings = 0;
			knownRegions = (
				en,
				Base,
			);
			mainGroup = 164144632D7197F90028D7C4;
			minimizedProjectReferenceProxies = 1;
			packageReferences = (
				164144A02D71982D0028D7C4 /* XCRemoteSwiftPackageReference "Alamofire" */,
				164145192D72CB4E0028D7C4 /* XCRemoteSwiftPackageReference "SnapKit" */,
				1641451C2D72CB740028D7C4 /* XCRemoteSwiftPackageReference "Kingfisher" */,
				1641451F2D72CB990028D7C4 /* XCRemoteSwiftPackageReference "lottie-ios" */,
				164145312D72F10A0028D7C4 /* XCRemoteSwiftPackageReference "IQKeyboardManager" */,
				164145462D72FBEB0028D7C4 /* XCRemoteSwiftPackageReference "SwiftLint" */,
			);
			preferredProjectObjectVersion = 77;
			productRefGroup = 1641446D2D7197F90028D7C4 /* Products */;
			projectDirPath = "";
			projectRoot = "";
			targets = (
				1641446B2D7197F90028D7C4 /* Clean Architecture */,
				164144812D7197FC0028D7C4 /* Clean ArchitectureTests */,
				1641448B2D7197FC0028D7C4 /* Clean ArchitectureUITests */,
			);
		};
/* End PBXProject section */

/* Begin PBXResourcesBuildPhase section */
		1641446A2D7197F90028D7C4 /* Resources */ = {
			isa = PBXResourcesBuildPhase;
			buildActionMask = 2147483647;
			files = (
			);
			runOnlyForDeploymentPostprocessing = 0;
		};
		164144802D7197FC0028D7C4 /* Resources */ = {
			isa = PBXResourcesBuildPhase;
			buildActionMask = 2147483647;
			files = (
			);
			runOnlyForDeploymentPostprocessing = 0;
		};
		1641448A2D7197FC0028D7C4 /* Resources */ = {
			isa = PBXResourcesBuildPhase;
			buildActionMask = 2147483647;
			files = (
			);
			runOnlyForDeploymentPostprocessing = 0;
		};
/* End PBXResourcesBuildPhase section */

/* Begin PBXSourcesBuildPhase section */
		164144682D7197F90028D7C4 /* Sources */ = {
			isa = PBXSourcesBuildPhase;
			buildActionMask = 2147483647;
			files = (
			);
			runOnlyForDeploymentPostprocessing = 0;
		};
		1641447E2D7197FC0028D7C4 /* Sources */ = {
			isa = PBXSourcesBuildPhase;
			buildActionMask = 2147483647;
			files = (
			);
			runOnlyForDeploymentPostprocessing = 0;
		};
		164144882D7197FC0028D7C4 /* Sources */ = {
			isa = PBXSourcesBuildPhase;
			buildActionMask = 2147483647;
			files = (
			);
			runOnlyForDeploymentPostprocessing = 0;
		};
/* End PBXSourcesBuildPhase section */

/* Begin PBXTargetDependency section */
		164144842D7197FC0028D7C4 /* PBXTargetDependency */ = {
			isa = PBXTargetDependency;
			target = 1641446B2D7197F90028D7C4 /* Clean Architecture */;
			targetProxy = 164144832D7197FC0028D7C4 /* PBXContainerItemProxy */;
		};
		1641448E2D7197FC0028D7C4 /* PBXTargetDependency */ = {
			isa = PBXTargetDependency;
			target = 1641446B2D7197F90028D7C4 /* Clean Architecture */;
			targetProxy = 1641448D2D7197FC0028D7C4 /* PBXContainerItemProxy */;
		};
		1641454C2D72FC500028D7C4 /* PBXTargetDependency */ = {
			isa = PBXTargetDependency;
			productRef = 1641454B2D72FC500028D7C4 /* SwiftLintBuildToolPlugin */;
		};
/* End PBXTargetDependency section */

/* Begin XCBuildConfiguration section */
		164144962D7197FC0028D7C4 /* Debug */ = {
			isa = XCBuildConfiguration;
			buildSettings = {
				ASSETCATALOG_COMPILER_APPICON_NAME = AppIcon;
				ASSETCATALOG_COMPILER_GLOBAL_ACCENT_COLOR_NAME = AccentColor;
				CODE_SIGN_STYLE = Automatic;
				CURRENT_PROJECT_VERSION = 1;
				DEVELOPMENT_TEAM = 89YQZQ5UNB;
				GENERATE_INFOPLIST_FILE = YES;
				INFOPLIST_FILE = "Clean Architecture/Core/Utils/Info.plist";
				INFOPLIST_KEY_UIApplicationSupportsIndirectInputEvents = YES;
				INFOPLIST_KEY_UILaunchStoryboardName = LaunchScreen;
				INFOPLIST_KEY_UIMainStoryboardFile = "";
				INFOPLIST_KEY_UISupportedInterfaceOrientations_iPad = "UIInterfaceOrientationPortrait UIInterfaceOrientationPortraitUpsideDown UIInterfaceOrientationLandscapeLeft UIInterfaceOrientationLandscapeRight";
				INFOPLIST_KEY_UISupportedInterfaceOrientations_iPhone = "UIInterfaceOrientationPortrait UIInterfaceOrientationLandscapeLeft UIInterfaceOrientationLandscapeRight";
				IPHONEOS_DEPLOYMENT_TARGET = 16.6;
				LD_RUNPATH_SEARCH_PATHS = (
					"$(inherited)",
					"@executable_path/Frameworks",
				);
				MARKETING_VERSION = 1.0;
				PRODUCT_BUNDLE_IDENTIFIER = "com.Tanatip.Clean-Architecture";
				PRODUCT_NAME = "$(TARGET_NAME)";
				SUPPORTED_PLATFORMS = "iphoneos iphonesimulator";
				SUPPORTS_MACCATALYST = NO;
				SUPPORTS_MAC_DESIGNED_FOR_IPHONE_IPAD = NO;
				SUPPORTS_XR_DESIGNED_FOR_IPHONE_IPAD = NO;
				SWIFT_EMIT_LOC_STRINGS = YES;
				SWIFT_VERSION = 5.0;
				TARGETED_DEVICE_FAMILY = "1,2";
			};
			name = Debug;
		};
		164144972D7197FC0028D7C4 /* Release */ = {
			isa = XCBuildConfiguration;
			buildSettings = {
				ASSETCATALOG_COMPILER_APPICON_NAME = AppIcon;
				ASSETCATALOG_COMPILER_GLOBAL_ACCENT_COLOR_NAME = AccentColor;
				CODE_SIGN_STYLE = Automatic;
				CURRENT_PROJECT_VERSION = 1;
				DEVELOPMENT_TEAM = 89YQZQ5UNB;
				GENERATE_INFOPLIST_FILE = YES;
				INFOPLIST_FILE = "Clean Architecture/Core/Utils/Info.plist";
				INFOPLIST_KEY_UIApplicationSupportsIndirectInputEvents = YES;
				INFOPLIST_KEY_UILaunchStoryboardName = LaunchScreen;
				INFOPLIST_KEY_UIMainStoryboardFile = "";
				INFOPLIST_KEY_UISupportedInterfaceOrientations_iPad = "UIInterfaceOrientationPortrait UIInterfaceOrientationPortraitUpsideDown UIInterfaceOrientationLandscapeLeft UIInterfaceOrientationLandscapeRight";
				INFOPLIST_KEY_UISupportedInterfaceOrientations_iPhone = "UIInterfaceOrientationPortrait UIInterfaceOrientationLandscapeLeft UIInterfaceOrientationLandscapeRight";
				IPHONEOS_DEPLOYMENT_TARGET = 16.6;
				LD_RUNPATH_SEARCH_PATHS = (
					"$(inherited)",
					"@executable_path/Frameworks",
				);
				MARKETING_VERSION = 1.0;
				PRODUCT_BUNDLE_IDENTIFIER = "com.Tanatip.Clean-Architecture";
				PRODUCT_NAME = "$(TARGET_NAME)";
				SUPPORTED_PLATFORMS = "iphoneos iphonesimulator";
				SUPPORTS_MACCATALYST = NO;
				SUPPORTS_MAC_DESIGNED_FOR_IPHONE_IPAD = NO;
				SUPPORTS_XR_DESIGNED_FOR_IPHONE_IPAD = NO;
				SWIFT_EMIT_LOC_STRINGS = YES;
				SWIFT_VERSION = 5.0;
				TARGETED_DEVICE_FAMILY = "1,2";
			};
			name = Release;
		};
		164144982D7197FC0028D7C4 /* Debug */ = {
			isa = XCBuildConfiguration;
			buildSettings = {
				ALWAYS_SEARCH_USER_PATHS = NO;
				ASSETCATALOG_COMPILER_GENERATE_SWIFT_ASSET_SYMBOL_EXTENSIONS = YES;
				CLANG_ANALYZER_NONNULL = YES;
				CLANG_ANALYZER_NUMBER_OBJECT_CONVERSION = YES_AGGRESSIVE;
				CLANG_CXX_LANGUAGE_STANDARD = "gnu++20";
				CLANG_ENABLE_MODULES = YES;
				CLANG_ENABLE_OBJC_ARC = YES;
				CLANG_ENABLE_OBJC_WEAK = YES;
				CLANG_WARN_BLOCK_CAPTURE_AUTORELEASING = YES;
				CLANG_WARN_BOOL_CONVERSION = YES;
				CLANG_WARN_COMMA = YES;
				CLANG_WARN_CONSTANT_CONVERSION = YES;
				CLANG_WARN_DEPRECATED_OBJC_IMPLEMENTATIONS = YES;
				CLANG_WARN_DIRECT_OBJC_ISA_USAGE = YES_ERROR;
				CLANG_WARN_DOCUMENTATION_COMMENTS = YES;
				CLANG_WARN_EMPTY_BODY = YES;
				CLANG_WARN_ENUM_CONVERSION = YES;
				CLANG_WARN_INFINITE_RECURSION = YES;
				CLANG_WARN_INT_CONVERSION = YES;
				CLANG_WARN_NON_LITERAL_NULL_CONVERSION = YES;
				CLANG_WARN_OBJC_IMPLICIT_RETAIN_SELF = YES;
				CLANG_WARN_OBJC_LITERAL_CONVERSION = YES;
				CLANG_WARN_OBJC_ROOT_CLASS = YES_ERROR;
				CLANG_WARN_QUOTED_INCLUDE_IN_FRAMEWORK_HEADER = YES;
				CLANG_WARN_RANGE_LOOP_ANALYSIS = YES;
				CLANG_WARN_STRICT_PROTOTYPES = YES;
				CLANG_WARN_SUSPICIOUS_MOVE = YES;
				CLANG_WARN_UNGUARDED_AVAILABILITY = YES_AGGRESSIVE;
				CLANG_WARN_UNREACHABLE_CODE = YES;
				CLANG_WARN__DUPLICATE_METHOD_MATCH = YES;
				COPY_PHASE_STRIP = NO;
				DEBUG_INFORMATION_FORMAT = dwarf;
				ENABLE_STRICT_OBJC_MSGSEND = YES;
				ENABLE_TESTABILITY = YES;
				ENABLE_USER_SCRIPT_SANDBOXING = YES;
				GCC_C_LANGUAGE_STANDARD = gnu17;
				GCC_DYNAMIC_NO_PIC = NO;
				GCC_NO_COMMON_BLOCKS = YES;
				GCC_OPTIMIZATION_LEVEL = 0;
				GCC_PREPROCESSOR_DEFINITIONS = (
					"DEBUG=1",
					"$(inherited)",
				);
				GCC_WARN_64_TO_32_BIT_CONVERSION = YES;
				GCC_WARN_ABOUT_RETURN_TYPE = YES_ERROR;
				GCC_WARN_UNDECLARED_SELECTOR = YES;
				GCC_WARN_UNINITIALIZED_AUTOS = YES_AGGRESSIVE;
				GCC_WARN_UNUSED_FUNCTION = YES;
				GCC_WARN_UNUSED_VARIABLE = YES;
				IPHONEOS_DEPLOYMENT_TARGET = 18.2;
				LOCALIZATION_PREFERS_STRING_CATALOGS = YES;
				MTL_ENABLE_DEBUG_INFO = INCLUDE_SOURCE;
				MTL_FAST_MATH = YES;
				ONLY_ACTIVE_ARCH = YES;
				SDKROOT = iphoneos;
				SWIFT_ACTIVE_COMPILATION_CONDITIONS = "DEBUG $(inherited)";
				SWIFT_OPTIMIZATION_LEVEL = "-Onone";
			};
			name = Debug;
		};
		164144992D7197FC0028D7C4 /* Release */ = {
			isa = XCBuildConfiguration;
			buildSettings = {
				ALWAYS_SEARCH_USER_PATHS = NO;
				ASSETCATALOG_COMPILER_GENERATE_SWIFT_ASSET_SYMBOL_EXTENSIONS = YES;
				CLANG_ANALYZER_NONNULL = YES;
				CLANG_ANALYZER_NUMBER_OBJECT_CONVERSION = YES_AGGRESSIVE;
				CLANG_CXX_LANGUAGE_STANDARD = "gnu++20";
				CLANG_ENABLE_MODULES = YES;
				CLANG_ENABLE_OBJC_ARC = YES;
				CLANG_ENABLE_OBJC_WEAK = YES;
				CLANG_WARN_BLOCK_CAPTURE_AUTORELEASING = YES;
				CLANG_WARN_BOOL_CONVERSION = YES;
				CLANG_WARN_COMMA = YES;
				CLANG_WARN_CONSTANT_CONVERSION = YES;
				CLANG_WARN_DEPRECATED_OBJC_IMPLEMENTATIONS = YES;
				CLANG_WARN_DIRECT_OBJC_ISA_USAGE = YES_ERROR;
				CLANG_WARN_DOCUMENTATION_COMMENTS = YES;
				CLANG_WARN_EMPTY_BODY = YES;
				CLANG_WARN_ENUM_CONVERSION = YES;
				CLANG_WARN_INFINITE_RECURSION = YES;
				CLANG_WARN_INT_CONVERSION = YES;
				CLANG_WARN_NON_LITERAL_NULL_CONVERSION = YES;
				CLANG_WARN_OBJC_IMPLICIT_RETAIN_SELF = YES;
				CLANG_WARN_OBJC_LITERAL_CONVERSION = YES;
				CLANG_WARN_OBJC_ROOT_CLASS = YES_ERROR;
				CLANG_WARN_QUOTED_INCLUDE_IN_FRAMEWORK_HEADER = YES;
				CLANG_WARN_RANGE_LOOP_ANALYSIS = YES;
				CLANG_WARN_STRICT_PROTOTYPES = YES;
				CLANG_WARN_SUSPICIOUS_MOVE = YES;
				CLANG_WARN_UNGUARDED_AVAILABILITY = YES_AGGRESSIVE;
				CLANG_WARN_UNREACHABLE_CODE = YES;
				CLANG_WARN__DUPLICATE_METHOD_MATCH = YES;
				COPY_PHASE_STRIP = NO;
				DEBUG_INFORMATION_FORMAT = "dwarf-with-dsym";
				ENABLE_NS_ASSERTIONS = NO;
				ENABLE_STRICT_OBJC_MSGSEND = YES;
				ENABLE_USER_SCRIPT_SANDBOXING = YES;
				GCC_C_LANGUAGE_STANDARD = gnu17;
				GCC_NO_COMMON_BLOCKS = YES;
				GCC_WARN_64_TO_32_BIT_CONVERSION = YES;
				GCC_WARN_ABOUT_RETURN_TYPE = YES_ERROR;
				GCC_WARN_UNDECLARED_SELECTOR = YES;
				GCC_WARN_UNINITIALIZED_AUTOS = YES_AGGRESSIVE;
				GCC_WARN_UNUSED_FUNCTION = YES;
				GCC_WARN_UNUSED_VARIABLE = YES;
				IPHONEOS_DEPLOYMENT_TARGET = 18.2;
				LOCALIZATION_PREFERS_STRING_CATALOGS = YES;
				MTL_ENABLE_DEBUG_INFO = NO;
				MTL_FAST_MATH = YES;
				SDKROOT = iphoneos;
				SWIFT_COMPILATION_MODE = wholemodule;
				VALIDATE_PRODUCT = YES;
			};
			name = Release;
		};
		1641449B2D7197FC0028D7C4 /* Debug */ = {
			isa = XCBuildConfiguration;
			buildSettings = {
				BUNDLE_LOADER = "$(TEST_HOST)";
				CODE_SIGN_STYLE = Automatic;
				CURRENT_PROJECT_VERSION = 1;
				DEVELOPMENT_TEAM = 89YQZQ5UNB;
				GENERATE_INFOPLIST_FILE = YES;
				IPHONEOS_DEPLOYMENT_TARGET = 16.6;
				MARKETING_VERSION = 1.0;
				PRODUCT_BUNDLE_IDENTIFIER = "com.Tanatip.Clean-ArchitectureTests";
				PRODUCT_NAME = "$(TARGET_NAME)";
				SWIFT_EMIT_LOC_STRINGS = NO;
				SWIFT_VERSION = 5.0;
				TARGETED_DEVICE_FAMILY = "1,2";
				TEST_HOST = "$(BUILT_PRODUCTS_DIR)/Clean Architecture.app/$(BUNDLE_EXECUTABLE_FOLDER_PATH)/Clean Architecture";
			};
			name = Debug;
		};
		1641449C2D7197FC0028D7C4 /* Release */ = {
			isa = XCBuildConfiguration;
			buildSettings = {
				BUNDLE_LOADER = "$(TEST_HOST)";
				CODE_SIGN_STYLE = Automatic;
				CURRENT_PROJECT_VERSION = 1;
				DEVELOPMENT_TEAM = 89YQZQ5UNB;
				GENERATE_INFOPLIST_FILE = YES;
				IPHONEOS_DEPLOYMENT_TARGET = 16.6;
				MARKETING_VERSION = 1.0;
				PRODUCT_BUNDLE_IDENTIFIER = "com.Tanatip.Clean-ArchitectureTests";
				PRODUCT_NAME = "$(TARGET_NAME)";
				SWIFT_EMIT_LOC_STRINGS = NO;
				SWIFT_VERSION = 5.0;
				TARGETED_DEVICE_FAMILY = "1,2";
				TEST_HOST = "$(BUILT_PRODUCTS_DIR)/Clean Architecture.app/$(BUNDLE_EXECUTABLE_FOLDER_PATH)/Clean Architecture";
			};
			name = Release;
		};
		1641449E2D7197FC0028D7C4 /* Debug */ = {
			isa = XCBuildConfiguration;
			buildSettings = {
				CODE_SIGN_STYLE = Automatic;
				CURRENT_PROJECT_VERSION = 1;
				DEVELOPMENT_TEAM = 89YQZQ5UNB;
				GENERATE_INFOPLIST_FILE = YES;
				IPHONEOS_DEPLOYMENT_TARGET = 16.6;
				MARKETING_VERSION = 1.0;
				PRODUCT_BUNDLE_IDENTIFIER = "com.Tanatip.Clean-ArchitectureUITests";
				PRODUCT_NAME = "$(TARGET_NAME)";
				SWIFT_EMIT_LOC_STRINGS = NO;
				SWIFT_VERSION = 5.0;
				TARGETED_DEVICE_FAMILY = "1,2";
				TEST_TARGET_NAME = "Clean Architecture";
			};
			name = Debug;
		};
		1641449F2D7197FC0028D7C4 /* Release */ = {
			isa = XCBuildConfiguration;
			buildSettings = {
				CODE_SIGN_STYLE = Automatic;
				CURRENT_PROJECT_VERSION = 1;
				DEVELOPMENT_TEAM = 89YQZQ5UNB;
				GENERATE_INFOPLIST_FILE = YES;
				IPHONEOS_DEPLOYMENT_TARGET = 16.6;
				MARKETING_VERSION = 1.0;
				PRODUCT_BUNDLE_IDENTIFIER = "com.Tanatip.Clean-ArchitectureUITests";
				PRODUCT_NAME = "$(TARGET_NAME)";
				SWIFT_EMIT_LOC_STRINGS = NO;
				SWIFT_VERSION = 5.0;
				TARGETED_DEVICE_FAMILY = "1,2";
				TEST_TARGET_NAME = "Clean Architecture";
			};
			name = Release;
		};
/* End XCBuildConfiguration section */

/* Begin XCConfigurationList section */
		164144672D7197F90028D7C4 /* Build configuration list for PBXProject "Clean Architecture" */ = {
			isa = XCConfigurationList;
			buildConfigurations = (
				164144982D7197FC0028D7C4 /* Debug */,
				164144992D7197FC0028D7C4 /* Release */,
			);
			defaultConfigurationIsVisible = 0;
			defaultConfigurationName = Release;
		};
		164144952D7197FC0028D7C4 /* Build configuration list for PBXNativeTarget "Clean Architecture" */ = {
			isa = XCConfigurationList;
			buildConfigurations = (
				164144962D7197FC0028D7C4 /* Debug */,
				164144972D7197FC0028D7C4 /* Release */,
			);
			defaultConfigurationIsVisible = 0;
			defaultConfigurationName = Release;
		};
		1641449A2D7197FC0028D7C4 /* Build configuration list for PBXNativeTarget "Clean ArchitectureTests" */ = {
			isa = XCConfigurationList;
			buildConfigurations = (
				1641449B2D7197FC0028D7C4 /* Debug */,
				1641449C2D7197FC0028D7C4 /* Release */,
			);
			defaultConfigurationIsVisible = 0;
			defaultConfigurationName = Release;
		};
		1641449D2D7197FC0028D7C4 /* Build configuration list for PBXNativeTarget "Clean ArchitectureUITests" */ = {
			isa = XCConfigurationList;
			buildConfigurations = (
				1641449E2D7197FC0028D7C4 /* Debug */,
				1641449F2D7197FC0028D7C4 /* Release */,
			);
			defaultConfigurationIsVisible = 0;
			defaultConfigurationName = Release;
		};
/* End XCConfigurationList section */

/* Begin XCRemoteSwiftPackageReference section */
		164144A02D71982D0028D7C4 /* XCRemoteSwiftPackageReference "Alamofire" */ = {
			isa = XCRemoteSwiftPackageReference;
			repositoryURL = "https://github.com/Alamofire/Alamofire";
			requirement = {
				kind = upToNextMinorVersion;
				minimumVersion = 5.10.2;
			};
		};
		164145192D72CB4E0028D7C4 /* XCRemoteSwiftPackageReference "SnapKit" */ = {
			isa = XCRemoteSwiftPackageReference;
			repositoryURL = "https://github.com/SnapKit/SnapKit";
			requirement = {
				kind = upToNextMajorVersion;
				minimumVersion = 5.7.1;
			};
		};
		1641451C2D72CB740028D7C4 /* XCRemoteSwiftPackageReference "Kingfisher" */ = {
			isa = XCRemoteSwiftPackageReference;
			repositoryURL = "https://github.com/onevcat/Kingfisher";
			requirement = {
				kind = upToNextMinorVersion;
				minimumVersion = 8.2.0;
			};
		};
		1641451F2D72CB990028D7C4 /* XCRemoteSwiftPackageReference "lottie-ios" */ = {
			isa = XCRemoteSwiftPackageReference;
			repositoryURL = "https://github.com/airbnb/lottie-ios";
			requirement = {
				kind = upToNextMajorVersion;
				minimumVersion = 4.5.1;
			};
		};
		164145312D72F10A0028D7C4 /* XCRemoteSwiftPackageReference "IQKeyboardManager" */ = {
			isa = XCRemoteSwiftPackageReference;
			repositoryURL = "https://github.com/hackiftekhar/IQKeyboardManager";
			requirement = {
				kind = upToNextMinorVersion;
				minimumVersion = 8.0.0;
			};
		};
		164145462D72FBEB0028D7C4 /* XCRemoteSwiftPackageReference "SwiftLint" */ = {
			isa = XCRemoteSwiftPackageReference;
			repositoryURL = "https://github.com/realm/SwiftLint.git";
			requirement = {
				kind = upToNextMinorVersion;
				minimumVersion = 0.58.2;
			};
		};
/* End XCRemoteSwiftPackageReference section */

/* Begin XCSwiftPackageProductDependency section */
		164144A12D71982E0028D7C4 /* Alamofire */ = {
			isa = XCSwiftPackageProductDependency;
			package = 164144A02D71982D0028D7C4 /* XCRemoteSwiftPackageReference "Alamofire" */;
			productName = Alamofire;
		};
		1641451A2D72CB4E0028D7C4 /* SnapKit */ = {
			isa = XCSwiftPackageProductDependency;
			package = 164145192D72CB4E0028D7C4 /* XCRemoteSwiftPackageReference "SnapKit" */;
			productName = SnapKit;
		};
		1641451D2D72CB740028D7C4 /* Kingfisher */ = {
			isa = XCSwiftPackageProductDependency;
			package = 1641451C2D72CB740028D7C4 /* XCRemoteSwiftPackageReference "Kingfisher" */;
			productName = Kingfisher;
		};
		164145202D72CB990028D7C4 /* Lottie */ = {
			isa = XCSwiftPackageProductDependency;
			package = 1641451F2D72CB990028D7C4 /* XCRemoteSwiftPackageReference "lottie-ios" */;
			productName = Lottie;
		};
		164145322D72F10A0028D7C4 /* IQKeyboardManagerSwift */ = {
			isa = XCSwiftPackageProductDependency;
			package = 164145312D72F10A0028D7C4 /* XCRemoteSwiftPackageReference "IQKeyboardManager" */;
			productName = IQKeyboardManagerSwift;
		};
		1641454B2D72FC500028D7C4 /* SwiftLintBuildToolPlugin */ = {
			isa = XCSwiftPackageProductDependency;
			package = 164145462D72FBEB0028D7C4 /* XCRemoteSwiftPackageReference "SwiftLint" */;
			productName = "plugin:SwiftLintBuildToolPlugin";
		};
/* End XCSwiftPackageProductDependency section */
	};
	rootObject = 164144642D7197F90028D7C4 /* Project object */;
}
